
Microsoft Visual Studio Solution File, Format Version 12.00
# Visual Studio 15
VisualStudioVersion = 15.0.26430.14
MinimumVisualStudioVersion = 10.0.40219.1
Project("{FAE04EC0-301F-11D3-BF4B-00C04F79EFBC}") = "IconizedTabs_XF.Android", "IconizedTabs_XF\IconizedTabs_XF.Android\IconizedTabs_XF.Android.csproj", "{4060B9C8-8178-41BB-82EF-AC81B9212310}"
EndProject
Project("{FAE04EC0-301F-11D3-BF4B-00C04F79EFBC}") = "IconizedTabs_XF", "IconizedTabs_XF\IconizedTabs_XF\IconizedTabs_XF.csproj", "{B5380ABE-13A9-4795-B62B-EBF192DF1E0F}"
EndProject
Project("{FAE04EC0-301F-11D3-BF4B-00C04F79EFBC}") = "IconizedTabs_XF.UWP", "IconizedTabs_XF\IconizedTabs_XF.UWP\IconizedTabs_XF.UWP.csproj", "{38412D1A-B9A0-4E4A-A187-7805B4179E53}"
EndProject
Project("{FAE04EC0-301F-11D3-BF4B-00C04F79EFBC}") = "IconizedTabs_XF.iOS", "IconizedTabs_XF\IconizedTabs_XF.iOS\IconizedTabs_XF.iOS.csproj", "{D94123CA-A1ED-4650-A351-95AAB621C3D3}"
EndProject
Global
	GlobalSection(SolutionConfigurationPlatforms) = preSolution
		Ad-Hoc|Any CPU = Ad-Hoc|Any CPU
		Ad-Hoc|ARM = Ad-Hoc|ARM
		Ad-Hoc|iPhone = Ad-Hoc|iPhone
		Ad-Hoc|iPhoneSimulator = Ad-Hoc|iPhoneSimulator
		Ad-Hoc|x64 = Ad-Hoc|x64
		Ad-Hoc|x86 = Ad-Hoc|x86
		AppStore|Any CPU = AppStore|Any CPU
		AppStore|ARM = AppStore|ARM
		AppStore|iPhone = AppStore|iPhone
		AppStore|iPhoneSimulator = AppStore|iPhoneSimulator
		AppStore|x64 = AppStore|x64
		AppStore|x86 = AppStore|x86
		Debug|Any CPU = Debug|Any CPU
		Debug|ARM = Debug|ARM
		Debug|iPhone = Debug|iPhone
		Debug|iPhoneSimulator = Debug|iPhoneSimulator
		Debug|x64 = Debug|x64
		Debug|x86 = Debug|x86
		Release|Any CPU = Release|Any CPU
		Release|ARM = Release|ARM
		Release|iPhone = Release|iPhone
		Release|iPhoneSimulator = Release|iPhoneSimulator
		Release|x64 = Release|x64
		Release|x86 = Release|x86
	EndGlobalSection
	GlobalSection(ProjectConfigurationPlatforms) = postSolution
		{4060B9C8-8178-41BB-82EF-AC81B9212310}.Ad-Hoc|Any CPU.ActiveCfg = Release|Any CPU
		{4060B9C8-8178-41BB-82EF-AC81B9212310}.Ad-Hoc|Any CPU.Build.0 = Release|Any CPU
		{4060B9C8-8178-41BB-82EF-AC81B9212310}.Ad-Hoc|Any CPU.Deploy.0 = Release|Any CPU
		{4060B9C8-8178-41BB-82EF-AC81B9212310}.Ad-Hoc|ARM.ActiveCfg = Release|Any CPU
		{4060B9C8-8178-41BB-82EF-AC81B9212310}.Ad-Hoc|ARM.Build.0 = Release|Any CPU
		{4060B9C8-8178-41BB-82EF-AC81B9212310}.Ad-Hoc|ARM.Deploy.0 = Release|Any CPU
		{4060B9C8-8178-41BB-82EF-AC81B9212310}.Ad-Hoc|iPhone.ActiveCfg = Release|Any CPU
		{4060B9C8-8178-41BB-82EF-AC81B9212310}.Ad-Hoc|iPhone.Build.0 = Release|Any CPU
		{4060B9C8-8178-41BB-82EF-AC81B9212310}.Ad-Hoc|iPhone.Deploy.0 = Release|Any CPU
		{4060B9C8-8178-41BB-82EF-AC81B9212310}.Ad-Hoc|iPhoneSimulator.ActiveCfg = Release|Any CPU
		{4060B9C8-8178-41BB-82EF-AC81B9212310}.Ad-Hoc|iPhoneSimulator.Build.0 = Release|Any CPU
		{4060B9C8-8178-41BB-82EF-AC81B9212310}.Ad-Hoc|iPhoneSimulator.Deploy.0 = Release|Any CPU
		{4060B9C8-8178-41BB-82EF-AC81B9212310}.Ad-Hoc|x64.ActiveCfg = Release|Any CPU
		{4060B9C8-8178-41BB-82EF-AC81B9212310}.Ad-Hoc|x64.Build.0 = Release|Any CPU
		{4060B9C8-8178-41BB-82EF-AC81B9212310}.Ad-Hoc|x64.Deploy.0 = Release|Any CPU
		{4060B9C8-8178-41BB-82EF-AC81B9212310}.Ad-Hoc|x86.ActiveCfg = Release|Any CPU
		{4060B9C8-8178-41BB-82EF-AC81B9212310}.Ad-Hoc|x86.Build.0 = Release|Any CPU
		{4060B9C8-8178-41BB-82EF-AC81B9212310}.Ad-Hoc|x86.Deploy.0 = Release|Any CPU
		{4060B9C8-8178-41BB-82EF-AC81B9212310}.AppStore|Any CPU.ActiveCfg = Release|Any CPU
		{4060B9C8-8178-41BB-82EF-AC81B9212310}.AppStore|Any CPU.Build.0 = Release|Any CPU
		{4060B9C8-8178-41BB-82EF-AC81B9212310}.AppStore|Any CPU.Deploy.0 = Release|Any CPU
		{4060B9C8-8178-41BB-82EF-AC81B9212310}.AppStore|ARM.ActiveCfg = Release|Any CPU
		{4060B9C8-8178-41BB-82EF-AC81B9212310}.AppStore|ARM.Build.0 = Release|Any CPU
		{4060B9C8-8178-41BB-82EF-AC81B9212310}.AppStore|ARM.Deploy.0 = Release|Any CPU
		{4060B9C8-8178-41BB-82EF-AC81B9212310}.AppStore|iPhone.ActiveCfg = Release|Any CPU
		{4060B9C8-8178-41BB-82EF-AC81B9212310}.AppStore|iPhone.Build.0 = Release|Any CPU
		{4060B9C8-8178-41BB-82EF-AC81B9212310}.AppStore|iPhone.Deploy.0 = Release|Any CPU
		{4060B9C8-8178-41BB-82EF-AC81B9212310}.AppStore|iPhoneSimulator.ActiveCfg = Release|Any CPU
		{4060B9C8-8178-41BB-82EF-AC81B9212310}.AppStore|iPhoneSimulator.Build.0 = Release|Any CPU
		{4060B9C8-8178-41BB-82EF-AC81B9212310}.AppStore|iPhoneSimulator.Deploy.0 = Release|Any CPU
		{4060B9C8-8178-41BB-82EF-AC81B9212310}.AppStore|x64.ActiveCfg = Release|Any CPU
		{4060B9C8-8178-41BB-82EF-AC81B9212310}.AppStore|x64.Build.0 = Release|Any CPU
		{4060B9C8-8178-41BB-82EF-AC81B9212310}.AppStore|x64.Deploy.0 = Release|Any CPU
		{4060B9C8-8178-41BB-82EF-AC81B9212310}.AppStore|x86.ActiveCfg = Release|Any CPU
		{4060B9C8-8178-41BB-82EF-AC81B9212310}.AppStore|x86.Build.0 = Release|Any CPU
		{4060B9C8-8178-41BB-82EF-AC81B9212310}.AppStore|x86.Deploy.0 = Release|Any CPU
		{4060B9C8-8178-41BB-82EF-AC81B9212310}.Debug|Any CPU.ActiveCfg = Debug|Any CPU
		{4060B9C8-8178-41BB-82EF-AC81B9212310}.Debug|Any CPU.Build.0 = Debug|Any CPU
		{4060B9C8-8178-41BB-82EF-AC81B9212310}.Debug|Any CPU.Deploy.0 = Debug|Any CPU
		{4060B9C8-8178-41BB-82EF-AC81B9212310}.Debug|ARM.ActiveCfg = Debug|Any CPU
		{4060B9C8-8178-41BB-82EF-AC81B9212310}.Debug|ARM.Build.0 = Debug|Any CPU
		{4060B9C8-8178-41BB-82EF-AC81B9212310}.Debug|ARM.Deploy.0 = Debug|Any CPU
		{4060B9C8-8178-41BB-82EF-AC81B9212310}.Debug|iPhone.ActiveCfg = Debug|Any CPU
		{4060B9C8-8178-41BB-82EF-AC81B9212310}.Debug|iPhone.Build.0 = Debug|Any CPU
		{4060B9C8-8178-41BB-82EF-AC81B9212310}.Debug|iPhone.Deploy.0 = Debug|Any CPU
		{4060B9C8-8178-41BB-82EF-AC81B9212310}.Debug|iPhoneSimulator.ActiveCfg = Debug|Any CPU
		{4060B9C8-8178-41BB-82EF-AC81B9212310}.Debug|iPhoneSimulator.Build.0 = Debug|Any CPU
		{4060B9C8-8178-41BB-82EF-AC81B9212310}.Debug|iPhoneSimulator.Deploy.0 = Debug|Any CPU
		{4060B9C8-8178-41BB-82EF-AC81B9212310}.Debug|x64.ActiveCfg = Debug|Any CPU
		{4060B9C8-8178-41BB-82EF-AC81B9212310}.Debug|x64.Build.0 = Debug|Any CPU
		{4060B9C8-8178-41BB-82EF-AC81B9212310}.Debug|x64.Deploy.0 = Debug|Any CPU
		{4060B9C8-8178-41BB-82EF-AC81B9212310}.Debug|x86.ActiveCfg = Debug|Any CPU
		{4060B9C8-8178-41BB-82EF-AC81B9212310}.Debug|x86.Build.0 = Debug|Any CPU
		{4060B9C8-8178-41BB-82EF-AC81B9212310}.Debug|x86.Deploy.0 = Debug|Any CPU
		{4060B9C8-8178-41BB-82EF-AC81B9212310}.Release|Any CPU.ActiveCfg = Release|Any CPU
		{4060B9C8-8178-41BB-82EF-AC81B9212310}.Release|Any CPU.Build.0 = Release|Any CPU
		{4060B9C8-8178-41BB-82EF-AC81B9212310}.Release|Any CPU.Deploy.0 = Release|Any CPU
		{4060B9C8-8178-41BB-82EF-AC81B9212310}.Release|ARM.ActiveCfg = Release|Any CPU
		{4060B9C8-8178-41BB-82EF-AC81B9212310}.Release|ARM.Build.0 = Release|Any CPU
		{4060B9C8-8178-41BB-82EF-AC81B9212310}.Release|ARM.Deploy.0 = Release|Any CPU
		{4060B9C8-8178-41BB-82EF-AC81B9212310}.Release|iPhone.ActiveCfg = Release|Any CPU
		{4060B9C8-8178-41BB-82EF-AC81B9212310}.Release|iPhone.Build.0 = Release|Any CPU
		{4060B9C8-8178-41BB-82EF-AC81B9212310}.Release|iPhone.Deploy.0 = Release|Any CPU
		{4060B9C8-8178-41BB-82EF-AC81B9212310}.Release|iPhoneSimulator.ActiveCfg = Release|Any CPU
		{4060B9C8-8178-41BB-82EF-AC81B9212310}.Release|iPhoneSimulator.Build.0 = Release|Any CPU
		{4060B9C8-8178-41BB-82EF-AC81B9212310}.Release|iPhoneSimulator.Deploy.0 = Release|Any CPU
		{4060B9C8-8178-41BB-82EF-AC81B9212310}.Release|x64.ActiveCfg = Release|Any CPU
		{4060B9C8-8178-41BB-82EF-AC81B9212310}.Release|x64.Build.0 = Release|Any CPU
		{4060B9C8-8178-41BB-82EF-AC81B9212310}.Release|x64.Deploy.0 = Release|Any CPU
		{4060B9C8-8178-41BB-82EF-AC81B9212310}.Release|x86.ActiveCfg = Release|Any CPU
		{4060B9C8-8178-41BB-82EF-AC81B9212310}.Release|x86.Build.0 = Release|Any CPU
		{4060B9C8-8178-41BB-82EF-AC81B9212310}.Release|x86.Deploy.0 = Release|Any CPU
		{B5380ABE-13A9-4795-B62B-EBF192DF1E0F}.Ad-Hoc|Any CPU.ActiveCfg = Release|Any CPU
		{B5380ABE-13A9-4795-B62B-EBF192DF1E0F}.Ad-Hoc|Any CPU.Build.0 = Release|Any CPU
		{B5380ABE-13A9-4795-B62B-EBF192DF1E0F}.Ad-Hoc|ARM.ActiveCfg = Release|Any CPU
		{B5380ABE-13A9-4795-B62B-EBF192DF1E0F}.Ad-Hoc|ARM.Build.0 = Release|Any CPU
		{B5380ABE-13A9-4795-B62B-EBF192DF1E0F}.Ad-Hoc|iPhone.ActiveCfg = Release|Any CPU
		{B5380ABE-13A9-4795-B62B-EBF192DF1E0F}.Ad-Hoc|iPhone.Build.0 = Release|Any CPU
		{B5380ABE-13A9-4795-B62B-EBF192DF1E0F}.Ad-Hoc|iPhoneSimulator.ActiveCfg = Release|Any CPU
		{B5380ABE-13A9-4795-B62B-EBF192DF1E0F}.Ad-Hoc|iPhoneSimulator.Build.0 = Release|Any CPU
		{B5380ABE-13A9-4795-B62B-EBF192DF1E0F}.Ad-Hoc|x64.ActiveCfg = Release|Any CPU
		{B5380ABE-13A9-4795-B62B-EBF192DF1E0F}.Ad-Hoc|x64.Build.0 = Release|Any CPU
		{B5380ABE-13A9-4795-B62B-EBF192DF1E0F}.Ad-Hoc|x86.ActiveCfg = Release|Any CPU
		{B5380ABE-13A9-4795-B62B-EBF192DF1E0F}.Ad-Hoc|x86.Build.0 = Release|Any CPU
		{B5380ABE-13A9-4795-B62B-EBF192DF1E0F}.AppStore|Any CPU.ActiveCfg = Release|Any CPU
		{B5380ABE-13A9-4795-B62B-EBF192DF1E0F}.AppStore|Any CPU.Build.0 = Release|Any CPU
		{B5380ABE-13A9-4795-B62B-EBF192DF1E0F}.AppStore|ARM.ActiveCfg = Release|Any CPU
		{B5380ABE-13A9-4795-B62B-EBF192DF1E0F}.AppStore|ARM.Build.0 = Release|Any CPU
		{B5380ABE-13A9-4795-B62B-EBF192DF1E0F}.AppStore|iPhone.ActiveCfg = Release|Any CPU
		{B5380ABE-13A9-4795-B62B-EBF192DF1E0F}.AppStore|iPhone.Build.0 = Release|Any CPU
		{B5380ABE-13A9-4795-B62B-EBF192DF1E0F}.AppStore|iPhoneSimulator.ActiveCfg = Release|Any CPU
		{B5380ABE-13A9-4795-B62B-EBF192DF1E0F}.AppStore|iPhoneSimulator.Build.0 = Release|Any CPU
		{B5380ABE-13A9-4795-B62B-EBF192DF1E0F}.AppStore|x64.ActiveCfg = Release|Any CPU
		{B5380ABE-13A9-4795-B62B-EBF192DF1E0F}.AppStore|x64.Build.0 = Release|Any CPU
		{B5380ABE-13A9-4795-B62B-EBF192DF1E0F}.AppStore|x86.ActiveCfg = Release|Any CPU
		{B5380ABE-13A9-4795-B62B-EBF192DF1E0F}.AppStore|x86.Build.0 = Release|Any CPU
		{B5380ABE-13A9-4795-B62B-EBF192DF1E0F}.Debug|Any CPU.ActiveCfg = Debug|Any CPU
		{B5380ABE-13A9-4795-B62B-EBF192DF1E0F}.Debug|Any CPU.Build.0 = Debug|Any CPU
		{B5380ABE-13A9-4795-B62B-EBF192DF1E0F}.Debug|ARM.ActiveCfg = Debug|Any CPU
		{B5380ABE-13A9-4795-B62B-EBF192DF1E0F}.Debug|ARM.Build.0 = Debug|Any CPU
		{B5380ABE-13A9-4795-B62B-EBF192DF1E0F}.Debug|iPhone.ActiveCfg = Debug|Any CPU
		{B5380ABE-13A9-4795-B62B-EBF192DF1E0F}.Debug|iPhone.Build.0 = Debug|Any CPU
		{B5380ABE-13A9-4795-B62B-EBF192DF1E0F}.Debug|iPhoneSimulator.ActiveCfg = Debug|Any CPU
		{B5380ABE-13A9-4795-B62B-EBF192DF1E0F}.Debug|iPhoneSimulator.Build.0 = Debug|Any CPU
		{B5380ABE-13A9-4795-B62B-EBF192DF1E0F}.Debug|x64.ActiveCfg = Debug|Any CPU
		{B5380ABE-13A9-4795-B62B-EBF192DF1E0F}.Debug|x64.Build.0 = Debug|Any CPU
		{B5380ABE-13A9-4795-B62B-EBF192DF1E0F}.Debug|x86.ActiveCfg = Debug|Any CPU
		{B5380ABE-13A9-4795-B62B-EBF192DF1E0F}.Debug|x86.Build.0 = Debug|Any CPU
		{B5380ABE-13A9-4795-B62B-EBF192DF1E0F}.Release|Any CPU.ActiveCfg = Release|Any CPU
		{B5380ABE-13A9-4795-B62B-EBF192DF1E0F}.Release|Any CPU.Build.0 = Release|Any CPU
		{B5380ABE-13A9-4795-B62B-EBF192DF1E0F}.Release|ARM.ActiveCfg = Release|Any CPU
		{B5380ABE-13A9-4795-B62B-EBF192DF1E0F}.Release|ARM.Build.0 = Release|Any CPU
		{B5380ABE-13A9-4795-B62B-EBF192DF1E0F}.Release|iPhone.ActiveCfg = Release|Any CPU
		{B5380ABE-13A9-4795-B62B-EBF192DF1E0F}.Release|iPhone.Build.0 = Release|Any CPU
		{B5380ABE-13A9-4795-B62B-EBF192DF1E0F}.Release|iPhoneSimulator.ActiveCfg = Release|Any CPU
		{B5380ABE-13A9-4795-B62B-EBF192DF1E0F}.Release|iPhoneSimulator.Build.0 = Release|Any CPU
		{B5380ABE-13A9-4795-B62B-EBF192DF1E0F}.Release|x64.ActiveCfg = Release|Any CPU
		{B5380ABE-13A9-4795-B62B-EBF192DF1E0F}.Release|x64.Build.0 = Release|Any CPU
		{B5380ABE-13A9-4795-B62B-EBF192DF1E0F}.Release|x86.ActiveCfg = Release|Any CPU
		{B5380ABE-13A9-4795-B62B-EBF192DF1E0F}.Release|x86.Build.0 = Release|Any CPU
		{38412D1A-B9A0-4E4A-A187-7805B4179E53}.Ad-Hoc|Any CPU.ActiveCfg = Release|x86
		{38412D1A-B9A0-4E4A-A187-7805B4179E53}.Ad-Hoc|Any CPU.Build.0 = Release|x86
		{38412D1A-B9A0-4E4A-A187-7805B4179E53}.Ad-Hoc|Any CPU.Deploy.0 = Release|x86
		{38412D1A-B9A0-4E4A-A187-7805B4179E53}.Ad-Hoc|ARM.ActiveCfg = Release|ARM
		{38412D1A-B9A0-4E4A-A187-7805B4179E53}.Ad-Hoc|ARM.Build.0 = Release|ARM
		{38412D1A-B9A0-4E4A-A187-7805B4179E53}.Ad-Hoc|ARM.Deploy.0 = Release|ARM
		{38412D1A-B9A0-4E4A-A187-7805B4179E53}.Ad-Hoc|iPhone.ActiveCfg = Release|x86
		{38412D1A-B9A0-4E4A-A187-7805B4179E53}.Ad-Hoc|iPhone.Build.0 = Release|x86
		{38412D1A-B9A0-4E4A-A187-7805B4179E53}.Ad-Hoc|iPhone.Deploy.0 = Release|x86
		{38412D1A-B9A0-4E4A-A187-7805B4179E53}.Ad-Hoc|iPhoneSimulator.ActiveCfg = Release|x86
		{38412D1A-B9A0-4E4A-A187-7805B4179E53}.Ad-Hoc|iPhoneSimulator.Build.0 = Release|x86
		{38412D1A-B9A0-4E4A-A187-7805B4179E53}.Ad-Hoc|iPhoneSimulator.Deploy.0 = Release|x86
		{38412D1A-B9A0-4E4A-A187-7805B4179E53}.Ad-Hoc|x64.ActiveCfg = Release|x64
		{38412D1A-B9A0-4E4A-A187-7805B4179E53}.Ad-Hoc|x64.Build.0 = Release|x64
		{38412D1A-B9A0-4E4A-A187-7805B4179E53}.Ad-Hoc|x64.Deploy.0 = Release|x64
		{38412D1A-B9A0-4E4A-A187-7805B4179E53}.Ad-Hoc|x86.ActiveCfg = Release|x86
		{38412D1A-B9A0-4E4A-A187-7805B4179E53}.Ad-Hoc|x86.Build.0 = Release|x86
		{38412D1A-B9A0-4E4A-A187-7805B4179E53}.Ad-Hoc|x86.Deploy.0 = Release|x86
		{38412D1A-B9A0-4E4A-A187-7805B4179E53}.AppStore|Any CPU.ActiveCfg = Release|x86
		{38412D1A-B9A0-4E4A-A187-7805B4179E53}.AppStore|Any CPU.Build.0 = Release|x86
		{38412D1A-B9A0-4E4A-A187-7805B4179E53}.AppStore|Any CPU.Deploy.0 = Release|x86
		{38412D1A-B9A0-4E4A-A187-7805B4179E53}.AppStore|ARM.ActiveCfg = Release|ARM
		{38412D1A-B9A0-4E4A-A187-7805B4179E53}.AppStore|ARM.Build.0 = Release|ARM
		{38412D1A-B9A0-4E4A-A187-7805B4179E53}.AppStore|ARM.Deploy.0 = Release|ARM
		{38412D1A-B9A0-4E4A-A187-7805B4179E53}.AppStore|iPhone.ActiveCfg = Release|x86
		{38412D1A-B9A0-4E4A-A187-7805B4179E53}.AppStore|iPhone.Build.0 = Release|x86
		{38412D1A-B9A0-4E4A-A187-7805B4179E53}.AppStore|iPhone.Deploy.0 = Release|x86
		{38412D1A-B9A0-4E4A-A187-7805B4179E53}.AppStore|iPhoneSimulator.ActiveCfg = Release|x86
		{38412D1A-B9A0-4E4A-A187-7805B4179E53}.AppStore|iPhoneSimulator.Build.0 = Release|x86
		{38412D1A-B9A0-4E4A-A187-7805B4179E53}.AppStore|iPhoneSimulator.Deploy.0 = Release|x86
		{38412D1A-B9A0-4E4A-A187-7805B4179E53}.AppStore|x64.ActiveCfg = Release|x64
		{38412D1A-B9A0-4E4A-A187-7805B4179E53}.AppStore|x64.Build.0 = Release|x64
		{38412D1A-B9A0-4E4A-A187-7805B4179E53}.AppStore|x64.Deploy.0 = Release|x64
		{38412D1A-B9A0-4E4A-A187-7805B4179E53}.AppStore|x86.ActiveCfg = Release|x86
		{38412D1A-B9A0-4E4A-A187-7805B4179E53}.AppStore|x86.Build.0 = Release|x86
		{38412D1A-B9A0-4E4A-A187-7805B4179E53}.AppStore|x86.Deploy.0 = Release|x86
		{38412D1A-B9A0-4E4A-A187-7805B4179E53}.Debug|Any CPU.ActiveCfg = Debug|x86
		{38412D1A-B9A0-4E4A-A187-7805B4179E53}.Debug|ARM.ActiveCfg = Debug|ARM
		{38412D1A-B9A0-4E4A-A187-7805B4179E53}.Debug|ARM.Build.0 = Debug|ARM
		{38412D1A-B9A0-4E4A-A187-7805B4179E53}.Debug|ARM.Deploy.0 = Debug|ARM
		{38412D1A-B9A0-4E4A-A187-7805B4179E53}.Debug|iPhone.ActiveCfg = Debug|x86
		{38412D1A-B9A0-4E4A-A187-7805B4179E53}.Debug|iPhoneSimulator.ActiveCfg = Debug|x86
		{38412D1A-B9A0-4E4A-A187-7805B4179E53}.Debug|x64.ActiveCfg = Debug|x64
		{38412D1A-B9A0-4E4A-A187-7805B4179E53}.Debug|x64.Build.0 = Debug|x64
		{38412D1A-B9A0-4E4A-A187-7805B4179E53}.Debug|x64.Deploy.0 = Debug|x64
		{38412D1A-B9A0-4E4A-A187-7805B4179E53}.Debug|x86.ActiveCfg = Debug|x86
		{38412D1A-B9A0-4E4A-A187-7805B4179E53}.Debug|x86.Build.0 = Debug|x86
		{38412D1A-B9A0-4E4A-A187-7805B4179E53}.Debug|x86.Deploy.0 = Debug|x86
		{38412D1A-B9A0-4E4A-A187-7805B4179E53}.Release|Any CPU.ActiveCfg = Release|x86
		{38412D1A-B9A0-4E4A-A187-7805B4179E53}.Release|ARM.ActiveCfg = Release|ARM
		{38412D1A-B9A0-4E4A-A187-7805B4179E53}.Release|ARM.Build.0 = Release|ARM
		{38412D1A-B9A0-4E4A-A187-7805B4179E53}.Release|ARM.Deploy.0 = Release|ARM
		{38412D1A-B9A0-4E4A-A187-7805B4179E53}.Release|iPhone.ActiveCfg = Release|x86
		{38412D1A-B9A0-4E4A-A187-7805B4179E53}.Release|iPhoneSimulator.ActiveCfg = Release|x86
		{38412D1A-B9A0-4E4A-A187-7805B4179E53}.Release|x64.ActiveCfg = Release|x64
		{38412D1A-B9A0-4E4A-A187-7805B4179E53}.Release|x64.Build.0 = Release|x64
		{38412D1A-B9A0-4E4A-A187-7805B4179E53}.Release|x64.Deploy.0 = Release|x64
		{38412D1A-B9A0-4E4A-A187-7805B4179E53}.Release|x86.ActiveCfg = Release|x86
		{38412D1A-B9A0-4E4A-A187-7805B4179E53}.Release|x86.Build.0 = Release|x86
		{38412D1A-B9A0-4E4A-A187-7805B4179E53}.Release|x86.Deploy.0 = Release|x86
		{D94123CA-A1ED-4650-A351-95AAB621C3D3}.Ad-Hoc|Any CPU.ActiveCfg = Ad-Hoc|iPhone
		{D94123CA-A1ED-4650-A351-95AAB621C3D3}.Ad-Hoc|ARM.ActiveCfg = Ad-Hoc|iPhone
		{D94123CA-A1ED-4650-A351-95AAB621C3D3}.Ad-Hoc|iPhone.ActiveCfg = Ad-Hoc|iPhone
		{D94123CA-A1ED-4650-A351-95AAB621C3D3}.Ad-Hoc|iPhone.Build.0 = Ad-Hoc|iPhone
		{D94123CA-A1ED-4650-A351-95AAB621C3D3}.Ad-Hoc|iPhoneSimulator.ActiveCfg = Ad-Hoc|iPhoneSimulator
		{D94123CA-A1ED-4650-A351-95AAB621C3D3}.Ad-Hoc|iPhoneSimulator.Build.0 = Ad-Hoc|iPhoneSimulator
		{D94123CA-A1ED-4650-A351-95AAB621C3D3}.Ad-Hoc|x64.ActiveCfg = Ad-Hoc|iPhone
		{D94123CA-A1ED-4650-A351-95AAB621C3D3}.Ad-Hoc|x86.ActiveCfg = Ad-Hoc|iPhone
		{D94123CA-A1ED-4650-A351-95AAB621C3D3}.AppStore|Any CPU.ActiveCfg = AppStore|iPhone
		{D94123CA-A1ED-4650-A351-95AAB621C3D3}.AppStore|ARM.ActiveCfg = AppStore|iPhone
		{D94123CA-A1ED-4650-A351-95AAB621C3D3}.AppStore|iPhone.ActiveCfg = AppStore|iPhone
		{D94123CA-A1ED-4650-A351-95AAB621C3D3}.AppStore|iPhone.Build.0 = AppStore|iPhone
		{D94123CA-A1ED-4650-A351-95AAB621C3D3}.AppStore|iPhoneSimulator.ActiveCfg = AppStore|iPhoneSimulator
		{D94123CA-A1ED-4650-A351-95AAB621C3D3}.AppStore|iPhoneSimulator.Build.0 = AppStore|iPhoneSimulator
		{D94123CA-A1ED-4650-A351-95AAB621C3D3}.AppStore|x64.ActiveCfg = AppStore|iPhone
		{D94123CA-A1ED-4650-A351-95AAB621C3D3}.AppStore|x86.ActiveCfg = AppStore|iPhone
		{D94123CA-A1ED-4650-A351-95AAB621C3D3}.Debug|Any CPU.ActiveCfg = Debug|iPhone
		{D94123CA-A1ED-4650-A351-95AAB621C3D3}.Debug|ARM.ActiveCfg = Debug|iPhone
		{D94123CA-A1ED-4650-A351-95AAB621C3D3}.Debug|iPhone.ActiveCfg = Debug|iPhone
		{D94123CA-A1ED-4650-A351-95AAB621C3D3}.Debug|iPhone.Build.0 = Debug|iPhone
		{D94123CA-A1ED-4650-A351-95AAB621C3D3}.Debug|iPhoneSimulator.ActiveCfg = Debug|iPhoneSimulator
		{D94123CA-A1ED-4650-A351-95AAB621C3D3}.Debug|iPhoneSimulator.Build.0 = Debug|iPhoneSimulator
		{D94123CA-A1ED-4650-A351-95AAB621C3D3}.Debug|x64.ActiveCfg = Debug|iPhone
		{D94123CA-A1ED-4650-A351-95AAB621C3D3}.Debug|x86.ActiveCfg = Debug|iPhone
		{D94123CA-A1ED-4650-A351-95AAB621C3D3}.Release|Any CPU.ActiveCfg = Release|iPhone
		{D94123CA-A1ED-4650-A351-95AAB621C3D3}.Release|ARM.ActiveCfg = Release|iPhone
		{D94123CA-A1ED-4650-A351-95AAB621C3D3}.Release|iPhone.ActiveCfg = Release|iPhone
		{D94123CA-A1ED-4650-A351-95AAB621C3D3}.Release|iPhone.Build.0 = Release|iPhone
		{D94123CA-A1ED-4650-A351-95AAB621C3D3}.Release|iPhoneSimulator.ActiveCfg = Release|iPhoneSimulator
		{D94123CA-A1ED-4650-A351-95AAB621C3D3}.Release|iPhoneSimulator.Build.0 = Release|iPhoneSimulator
		{D94123CA-A1ED-4650-A351-95AAB621C3D3}.Release|x64.ActiveCfg = Release|iPhone
		{D94123CA-A1ED-4650-A351-95AAB621C3D3}.Release|x86.ActiveCfg = Release|iPhone
	EndGlobalSection
	GlobalSection(SolutionProperties) = preSolution
		HideSolutionNode = FALSE
	EndGlobalSection
EndGlobal
